
Microsoft Visual Studio Solution File, Format Version 12.00
# Visual Studio 15
VisualStudioVersion = 15.0.25807.0
MinimumVisualStudioVersion = 10.0.40219.1
Project("{2150E333-8FDC-42A3-9474-1A3956D46DE8}") = "Engine", "Engine", "{9DA92E5F-4CBE-48B6-B5E6-16E4BCC0E092}"
EndProject
Project("{2150E333-8FDC-42A3-9474-1A3956D46DE8}") = "Enterprise", "Enterprise", "{06BBF292-BDDC-4538-A19C-F3939C2E92E9}"
EndProject
Project("{2150E333-8FDC-42A3-9474-1A3956D46DE8}") = "Games", "Games", "{59BE53E5-76F4-4A18-87E8-69A2649B80C2}"
EndProject
Project("{8BC9CEB8-8B4A-11D0-8D11-00A0C91BC942}") = "UE4", "Intermediate\ProjectFiles\UE4.vcxproj", "{301AC008-4321-4686-8055-4FB6216F320D}"
EndProject
Project("{8BC9CEB8-8B4A-11D0-8D11-00A0C91BC942}") = "Studio", "Intermediate\ProjectFiles\Studio.vcxproj", "{9707E7F2-0B02-4252-A03A-05BE6A5F70C8}"
EndProject
Project("{8BC9CEB8-8B4A-11D0-8D11-00A0C91BC942}") = "JanghoWorld", "Intermediate\ProjectFiles\JanghoWorld.vcxproj", "{FC730414-245C-42AA-AB46-945895C62111}"
EndProject
Project("{2150E333-8FDC-42A3-9474-1A3956D46DE8}") = "Visualizers", "Visualizers", "{4AA771BC-3D46-41C5-938F-2211D8DBA25C}"
	ProjectSection(SolutionItems) = preProject
		C:\Program Files\Epic Games\UE_4.23\Engine\Extras\VisualStudioDebugging\UE4.natvis = C:\Program Files\Epic Games\UE_4.23\Engine\Extras\VisualStudioDebugging\UE4.natvis
	EndProjectSection
EndProject
Global
	GlobalSection(SolutionConfigurationPlatforms) = preSolution
		DebugGame Editor|HTML5 = DebugGame Editor|HTML5
		DebugGame Editor|Win32 = DebugGame Editor|Win32
		DebugGame Editor|Win64 = DebugGame Editor|Win64
		DebugGame|HTML5 = DebugGame|HTML5
		DebugGame|Win32 = DebugGame|Win32
		DebugGame|Win64 = DebugGame|Win64
		Development Editor|HTML5 = Development Editor|HTML5
		Development Editor|Win32 = Development Editor|Win32
		Development Editor|Win64 = Development Editor|Win64
		Development|HTML5 = Development|HTML5
		Development|Win32 = Development|Win32
		Development|Win64 = Development|Win64
		Shipping|HTML5 = Shipping|HTML5
		Shipping|Win32 = Shipping|Win32
		Shipping|Win64 = Shipping|Win64
	EndGlobalSection
	GlobalSection(ProjectConfigurationPlatforms) = postSolution
		{301AC008-4321-4686-8055-4FB6216F320D}.DebugGame Editor|HTML5.ActiveCfg = BuiltWithUnrealBuildTool|Win32
		{301AC008-4321-4686-8055-4FB6216F320D}.DebugGame Editor|Win32.ActiveCfg = BuiltWithUnrealBuildTool|Win32
		{301AC008-4321-4686-8055-4FB6216F320D}.DebugGame Editor|Win64.ActiveCfg = BuiltWithUnrealBuildTool|Win32
		{301AC008-4321-4686-8055-4FB6216F320D}.DebugGame|HTML5.ActiveCfg = BuiltWithUnrealBuildTool|Win32
		{301AC008-4321-4686-8055-4FB6216F320D}.DebugGame|Win32.ActiveCfg = BuiltWithUnrealBuildTool|Win32
		{301AC008-4321-4686-8055-4FB6216F320D}.DebugGame|Win64.ActiveCfg = BuiltWithUnrealBuildTool|Win32
		{301AC008-4321-4686-8055-4FB6216F320D}.Development Editor|HTML5.ActiveCfg = BuiltWithUnrealBuildTool|Win32
		{301AC008-4321-4686-8055-4FB6216F320D}.Development Editor|Win32.ActiveCfg = BuiltWithUnrealBuildTool|Win32
		{301AC008-4321-4686-8055-4FB6216F320D}.Development Editor|Win64.ActiveCfg = BuiltWithUnrealBuildTool|Win32
		{301AC008-4321-4686-8055-4FB6216F320D}.Development|HTML5.ActiveCfg = BuiltWithUnrealBuildTool|Win32
		{301AC008-4321-4686-8055-4FB6216F320D}.Development|Win32.ActiveCfg = BuiltWithUnrealBuildTool|Win32
		{301AC008-4321-4686-8055-4FB6216F320D}.Development|Win64.ActiveCfg = BuiltWithUnrealBuildTool|Win32
		{301AC008-4321-4686-8055-4FB6216F320D}.Shipping|HTML5.ActiveCfg = BuiltWithUnrealBuildTool|Win32
		{301AC008-4321-4686-8055-4FB6216F320D}.Shipping|Win32.ActiveCfg = BuiltWithUnrealBuildTool|Win32
		{301AC008-4321-4686-8055-4FB6216F320D}.Shipping|Win64.ActiveCfg = BuiltWithUnrealBuildTool|Win32
		{9707E7F2-0B02-4252-A03A-05BE6A5F70C8}.DebugGame Editor|HTML5.ActiveCfg = BuiltWithUnrealBuildTool|Win32
		{9707E7F2-0B02-4252-A03A-05BE6A5F70C8}.DebugGame Editor|Win32.ActiveCfg = BuiltWithUnrealBuildTool|Win32
		{9707E7F2-0B02-4252-A03A-05BE6A5F70C8}.DebugGame Editor|Win64.ActiveCfg = BuiltWithUnrealBuildTool|Win32
		{9707E7F2-0B02-4252-A03A-05BE6A5F70C8}.DebugGame|HTML5.ActiveCfg = BuiltWithUnrealBuildTool|Win32
		{9707E7F2-0B02-4252-A03A-05BE6A5F70C8}.DebugGame|Win32.ActiveCfg = BuiltWithUnrealBuildTool|Win32
		{9707E7F2-0B02-4252-A03A-05BE6A5F70C8}.DebugGame|Win64.ActiveCfg = BuiltWithUnrealBuildTool|Win32
		{9707E7F2-0B02-4252-A03A-05BE6A5F70C8}.Development Editor|HTML5.ActiveCfg = BuiltWithUnrealBuildTool|Win32
		{9707E7F2-0B02-4252-A03A-05BE6A5F70C8}.Development Editor|Win32.ActiveCfg = BuiltWithUnrealBuildTool|Win32
		{9707E7F2-0B02-4252-A03A-05BE6A5F70C8}.Development Editor|Win64.ActiveCfg = BuiltWithUnrealBuildTool|Win32
		{9707E7F2-0B02-4252-A03A-05BE6A5F70C8}.Development|HTML5.ActiveCfg = BuiltWithUnrealBuildTool|Win32
		{9707E7F2-0B02-4252-A03A-05BE6A5F70C8}.Development|Win32.ActiveCfg = BuiltWithUnrealBuildTool|Win32
		{9707E7F2-0B02-4252-A03A-05BE6A5F70C8}.Development|Win64.ActiveCfg = BuiltWithUnrealBuildTool|Win32
		{9707E7F2-0B02-4252-A03A-05BE6A5F70C8}.Shipping|HTML5.ActiveCfg = BuiltWithUnrealBuildTool|Win32
		{9707E7F2-0B02-4252-A03A-05BE6A5F70C8}.Shipping|Win32.ActiveCfg = BuiltWithUnrealBuildTool|Win32
		{9707E7F2-0B02-4252-A03A-05BE6A5F70C8}.Shipping|Win64.ActiveCfg = BuiltWithUnrealBuildTool|Win32
		{FC730414-245C-42AA-AB46-945895C62111}.DebugGame Editor|HTML5.ActiveCfg = Invalid|Win32
		{FC730414-245C-42AA-AB46-945895C62111}.DebugGame Editor|Win32.ActiveCfg = Invalid|Win32
		{FC730414-245C-42AA-AB46-945895C62111}.DebugGame Editor|Win64.ActiveCfg = DebugGame_Editor|x64
		{FC730414-245C-42AA-AB46-945895C62111}.DebugGame Editor|Win64.Build.0 = DebugGame_Editor|x64
		{FC730414-245C-42AA-AB46-945895C62111}.DebugGame|HTML5.ActiveCfg = HTML5_DebugGame|Win32
		{FC730414-245C-42AA-AB46-945895C62111}.DebugGame|HTML5.Build.0 = HTML5_DebugGame|Win32
		{FC730414-245C-42AA-AB46-945895C62111}.DebugGame|Win32.ActiveCfg = DebugGame|Win32
		{FC730414-245C-42AA-AB46-945895C62111}.DebugGame|Win32.Build.0 = DebugGame|Win32
		{FC730414-245C-42AA-AB46-945895C62111}.DebugGame|Win64.ActiveCfg = DebugGame|x64
		{FC730414-245C-42AA-AB46-945895C62111}.DebugGame|Win64.Build.0 = DebugGame|x64
		{FC730414-245C-42AA-AB46-945895C62111}.Development Editor|HTML5.ActiveCfg = Invalid|Win32
		{FC730414-245C-42AA-AB46-945895C62111}.Development Editor|Win32.ActiveCfg = Invalid|Win32
		{FC730414-245C-42AA-AB46-945895C62111}.Development Editor|Win64.ActiveCfg = Development_Editor|x64
		{FC730414-245C-42AA-AB46-945895C62111}.Development Editor|Win64.Build.0 = Development_Editor|x64
		{FC730414-245C-42AA-AB46-945895C62111}.Development|HTML5.ActiveCfg = HTML5_Development|Win32
		{FC730414-245C-42AA-AB46-945895C62111}.Development|HTML5.Build.0 = HTML5_Development|Win32
		{FC730414-245C-42AA-AB46-945895C62111}.Development|Win32.ActiveCfg = Development|Win32
		{FC730414-245C-42AA-AB46-945895C62111}.Development|Win32.Build.0 = Development|Win32
		{FC730414-245C-42AA-AB46-945895C62111}.Development|Win64.ActiveCfg = Development|x64
		{FC730414-245C-42AA-AB46-945895C62111}.Development|Win64.Build.0 = Development|x64
		{FC730414-245C-42AA-AB46-945895C62111}.Shipping|HTML5.ActiveCfg = HTML5_Shipping|Win32
		{FC730414-245C-42AA-AB46-945895C62111}.Shipping|HTML5.Build.0 = HTML5_Shipping|Win32
		{FC730414-245C-42AA-AB46-945895C62111}.Shipping|Win32.ActiveCfg = Shipping|Win32
		{FC730414-245C-42AA-AB46-945895C62111}.Shipping|Win32.Build.0 = Shipping|Win32
		{FC730414-245C-42AA-AB46-945895C62111}.Shipping|Win64.ActiveCfg = Shipping|x64
		{FC730414-245C-42AA-AB46-945895C62111}.Shipping|Win64.Build.0 = Shipping|x64
	EndGlobalSection
	GlobalSection(SolutionProperties) = preSolution
		HideSolutionNode = FALSE
	EndGlobalSection
	GlobalSection(NestedProjects) = preSolution
		{301AC008-4321-4686-8055-4FB6216F320D} = {9DA92E5F-4CBE-48B6-B5E6-16E4BCC0E092}
		{9707E7F2-0B02-4252-A03A-05BE6A5F70C8} = {06BBF292-BDDC-4538-A19C-F3939C2E92E9}
		{FC730414-245C-42AA-AB46-945895C62111} = {59BE53E5-76F4-4A18-87E8-69A2649B80C2}
	EndGlobalSection
EndGlobal
